
Microsoft Visual Studio Solution File, Format Version 12.00
# Visual Studio Version 16
VisualStudioVersion = 16.0.31112.23
MinimumVisualStudioVersion = 10.0.40219.1
Project("{FAE04EC0-301F-11D3-BF4B-00C04F79EFBC}") = "Expenses", "Expenses\Expenses.csproj", "{CD565374-4190-4329-A8A3-E4F011ABB68A}"
EndProject
Global
	GlobalSection(SolutionConfigurationPlatforms) = preSolution
		Debug|Any CPU = Debug|Any CPU
		Release|Any CPU = Release|Any CPU
	EndGlobalSection
	GlobalSection(ProjectConfigurationPlatforms) = postSolution
		{CD565374-4190-4329-A8A3-E4F011ABB68A}.Debug|Any CPU.ActiveCfg = Debug|Any CPU
		{CD565374-4190-4329-A8A3-E4F011ABB68A}.Debug|Any CPU.Build.0 = Debug|Any CPU
		{CD565374-4190-4329-A8A3-E4F011ABB68A}.Release|Any CPU.ActiveCfg = Release|Any CPU
		{CD565374-4190-4329-A8A3-E4F011ABB68A}.Release|Any CPU.Build.0 = Release|Any CPU
	EndGlobalSection
	GlobalSection(SolutionProperties) = preSolution
		HideSolutionNode = FALSE
	EndGlobalSection
	GlobalSection(ExtensibilityGlobals) = postSolution
		SolutionGuid = {435B03E5-E320-477F-8201-4A11B1AA65DC}
	EndGlobalSection
EndGlobal
